
Microsoft Visual Studio Solution File, Format Version 12.00
# Visual Studio Version 17
VisualStudioVersion = 17.2.32422.2
MinimumVisualStudioVersion = 10.0.40219.1
Project("{9A19103F-16F7-4668-BE54-9A1E7A4F7556}") = "DotNet7Preview3Blazor.Server", "DotNet7Preview3Blazor\Server\DotNet7Preview3Blazor.Server.csproj", "{A80B45B8-BA10-49C9-8773-665803057520}"
EndProject
Project("{9A19103F-16F7-4668-BE54-9A1E7A4F7556}") = "DotNet7Preview3Blazor.Client", "DotNet7Preview3Blazor\Client\DotNet7Preview3Blazor.Client.csproj", "{EAD74890-B756-488E-9A95-4E9660B866B7}"
EndProject
Project("{9A19103F-16F7-4668-BE54-9A1E7A4F7556}") = "DotNet7Preview3Blazor.Shared", "DotNet7Preview3Blazor\Shared\DotNet7Preview3Blazor.Shared.csproj", "{D1B24010-A211-4172-85BE-16AD7568F4E2}"
EndProject
Project("{FAE04EC0-301F-11D3-BF4B-00C04F79EFBC}") = "ConsoleApp", "ConsoleApp\ConsoleApp.csproj", "{DECB3E4A-DFD0-419D-90A5-78B524D2B856}"
EndProject
Global
	GlobalSection(SolutionConfigurationPlatforms) = preSolution
		Debug|Any CPU = Debug|Any CPU
		Release|Any CPU = Release|Any CPU
	EndGlobalSection
	GlobalSection(ProjectConfigurationPlatforms) = postSolution
		{A80B45B8-BA10-49C9-8773-665803057520}.Debug|Any CPU.ActiveCfg = Debug|Any CPU
		{A80B45B8-BA10-49C9-8773-665803057520}.Debug|Any CPU.Build.0 = Debug|Any CPU
		{A80B45B8-BA10-49C9-8773-665803057520}.Release|Any CPU.ActiveCfg = Release|Any CPU
		{A80B45B8-BA10-49C9-8773-665803057520}.Release|Any CPU.Build.0 = Release|Any CPU
		{EAD74890-B756-488E-9A95-4E9660B866B7}.Debug|Any CPU.ActiveCfg = Debug|Any CPU
		{EAD74890-B756-488E-9A95-4E9660B866B7}.Debug|Any CPU.Build.0 = Debug|Any CPU
		{EAD74890-B756-488E-9A95-4E9660B866B7}.Release|Any CPU.ActiveCfg = Release|Any CPU
		{EAD74890-B756-488E-9A95-4E9660B866B7}.Release|Any CPU.Build.0 = Release|Any CPU
		{D1B24010-A211-4172-85BE-16AD7568F4E2}.Debug|Any CPU.ActiveCfg = Debug|Any CPU
		{D1B24010-A211-4172-85BE-16AD7568F4E2}.Debug|Any CPU.Build.0 = Debug|Any CPU
		{D1B24010-A211-4172-85BE-16AD7568F4E2}.Release|Any CPU.ActiveCfg = Release|Any CPU
		{D1B24010-A211-4172-85BE-16AD7568F4E2}.Release|Any CPU.Build.0 = Release|Any CPU
		{DECB3E4A-DFD0-419D-90A5-78B524D2B856}.Debug|Any CPU.ActiveCfg = Debug|Any CPU
		{DECB3E4A-DFD0-419D-90A5-78B524D2B856}.Debug|Any CPU.Build.0 = Debug|Any CPU
		{DECB3E4A-DFD0-419D-90A5-78B524D2B856}.Release|Any CPU.ActiveCfg = Release|Any CPU
		{DECB3E4A-DFD0-419D-90A5-78B524D2B856}.Release|Any CPU.Build.0 = Release|Any CPU
	EndGlobalSection
	GlobalSection(SolutionProperties) = preSolution
		HideSolutionNode = FALSE
	EndGlobalSection
	GlobalSection(ExtensibilityGlobals) = postSolution
		SolutionGuid = {021C85FE-E2DA-4128-A8BD-56FA0E1247D5}
	EndGlobalSection
EndGlobal
